<?xml version="1.0" encoding="utf-8"?>
<Project ToolsVersion="4.0" xmlns="http://schemas.microsoft.com/developer/msbuild/2003">
  <ItemGroup>
    <ClInclude Include="framework.h">
      <Filter>00. Default</Filter>
    </ClInclude>
    <ClInclude Include="pch.h">
      <Filter>00. Default</Filter>
    </ClInclude>
    <ClInclude Include="CScriptMgr.h">
      <Filter>01. CodeGenMgr</Filter>
    </ClInclude>
    <ClInclude Include="CTileBlock.h">
      <Filter>03. Tile\TileBlock</Filter>
    </ClInclude>
    <ClInclude Include="define.h">
      <Filter>00. Default</Filter>
    </ClInclude>
    <ClInclude Include="math.h">
      <Filter>00. Default</Filter>
    </ClInclude>
    <ClInclude Include="global.h">
      <Filter>00. Default</Filter>
    </ClInclude>
    <ClInclude Include="CStagePack.h">
      <Filter>04. Level\StagePack</Filter>
    </ClInclude>
    <ClInclude Include="CStage.h">
      <Filter>04. Level\Stage</Filter>
    </ClInclude>
    <ClInclude Include="CStagePackMgr.h">
      <Filter>05. Manager\StagePackMgr</Filter>
    </ClInclude>
    <ClInclude Include="CRandomMgr.h">
      <Filter>05. Manager\RandomMgr</Filter>
    </ClInclude>
    <ClInclude Include="CFieldObject.h">
      <Filter>06. FieldObject</Filter>
    </ClInclude>
    <ClInclude Include="CBackgroundScript.h">
      <Filter>02. Scripts\default</Filter>
    </ClInclude>
    <ClInclude Include="CMissileScript.h">
      <Filter>02. Scripts\default</Filter>
    </ClInclude>
    <ClInclude Include="CMonsterScript.h">
      <Filter>02. Scripts\default</Filter>
    </ClInclude>
    <ClInclude Include="CTile.h">
      <Filter>02. Scripts\Tile</Filter>
    </ClInclude>
    <ClInclude Include="CTileChunk.h">
      <Filter>03. Tile\TileChunk</Filter>
    </ClInclude>
    <ClInclude Include="CCameraMovement.h">
      <Filter>02. Scripts\Camera</Filter>
    </ClInclude>
    <ClInclude Include="strings.h">
      <Filter>00. Default</Filter>
    </ClInclude>
    <ClInclude Include="zAxis.h">
      <Filter>00. Default</Filter>
    </ClInclude>
    <ClInclude Include="CTileBoundary.h">
      <Filter>02. Scripts\Tile\Boundary</Filter>
    </ClInclude>
    <ClInclude Include="CPlayerScript.h">
      <Filter>02. Scripts\Character</Filter>
    </ClInclude>
    <ClInclude Include="CStateMgr.h">
      <Filter>01. CodeGenMgr</Filter>
    </ClInclude>
    <ClInclude Include="CCharacterScript.h">
      <Filter>07. Character</Filter>
    </ClInclude>
    <ClInclude Include="CPlayerIdleState.h">
      <Filter>08. States\Player\Idle</Filter>
    </ClInclude>
    <ClInclude Include="CPlayerWalkState.h">
      <Filter>08. States\Player\Walk</Filter>
    </ClInclude>
    <ClInclude Include="CPlayerStartState.h">
      <Filter>08. States\Player</Filter>
    </ClInclude>
  </ItemGroup>
  <ItemGroup>
    <ClCompile Include="pch.cpp">
      <Filter>00. Default</Filter>
    </ClCompile>
    <ClCompile Include="Scripts.cpp">
      <Filter>00. Default</Filter>
    </ClCompile>
    <ClCompile Include="CScriptMgr.cpp">
      <Filter>01. CodeGenMgr</Filter>
    </ClCompile>
    <ClCompile Include="CTileBlock.cpp">
      <Filter>03. Tile\TileBlock</Filter>
    </ClCompile>
    <ClCompile Include="extern.cpp">
      <Filter>00. Default</Filter>
    </ClCompile>
    <ClCompile Include="CStagePack.cpp">
      <Filter>04. Level\StagePack</Filter>
    </ClCompile>
    <ClCompile Include="CStage.cpp">
      <Filter>04. Level\Stage</Filter>
    </ClCompile>
    <ClCompile Include="CStagePackMgr.cpp">
      <Filter>05. Manager\StagePackMgr</Filter>
    </ClCompile>
    <ClCompile Include="CRandomMgr.cpp">
      <Filter>05. Manager\RandomMgr</Filter>
    </ClCompile>
    <ClCompile Include="CFieldObject.cpp">
      <Filter>06. FieldObject</Filter>
    </ClCompile>
    <ClCompile Include="CBackgroundScript.cpp">
      <Filter>02. Scripts\default</Filter>
    </ClCompile>
    <ClCompile Include="CMissileScript.cpp">
      <Filter>02. Scripts\default</Filter>
    </ClCompile>
    <ClCompile Include="CMonsterScript.cpp">
      <Filter>02. Scripts\default</Filter>
    </ClCompile>
    <ClCompile Include="CTile.cpp">
      <Filter>02. Scripts\Tile</Filter>
    </ClCompile>
    <ClCompile Include="CTileChunk.cpp">
      <Filter>03. Tile\TileChunk</Filter>
    </ClCompile>
    <ClCompile Include="CCameraMovement.cpp">
      <Filter>02. Scripts\Camera</Filter>
    </ClCompile>
    <ClCompile Include="CTileBoundary.cpp">
      <Filter>02. Scripts\Tile\Boundary</Filter>
    </ClCompile>
    <ClCompile Include="CPlayerScript.cpp">
      <Filter>02. Scripts\Character</Filter>
    </ClCompile>
    <ClCompile Include="CStateMgr.cpp">
      <Filter>01. CodeGenMgr</Filter>
    </ClCompile>
    <ClCompile Include="CCharacterScript.cpp">
      <Filter>07. Character</Filter>
    </ClCompile>
    <ClCompile Include="CPlayerIdleState.cpp">
      <Filter>08. States\Player\Idle</Filter>
    </ClCompile>
    <ClCompile Include="CPlayerWalkState.cpp">
      <Filter>08. States\Player\Walk</Filter>
    </ClCompile>
    <ClCompile Include="CPlayerStartState.cpp">
      <Filter>08. States\Player</Filter>
    </ClCompile>
  </ItemGroup>
  <ItemGroup>
    <Filter Include="00. Default">
      <UniqueIdentifier>{4f2f6642-c0f0-494a-9d81-0124398fdb95}</UniqueIdentifier>
    </Filter>
    <Filter Include="02. Scripts">
      <UniqueIdentifier>{af5c3808-4d30-476b-b2ab-d844558017d2}</UniqueIdentifier>
    </Filter>
    <Filter Include="04. Level">
      <UniqueIdentifier>{f840e35f-e86f-44e6-ba41-afc9556001be}</UniqueIdentifier>
    </Filter>
    <Filter Include="03. Tile">
      <UniqueIdentifier>{90b95b58-1b95-4ee3-8e57-36f10c253b79}</UniqueIdentifier>
    </Filter>
    <Filter Include="03. Tile\TileBlock">
      <UniqueIdentifier>{9959df6f-d7a5-4c33-894b-f2001fead0ec}</UniqueIdentifier>
    </Filter>
    <Filter Include="04. Level\StagePack">
      <UniqueIdentifier>{cfc9d116-ac70-4620-828e-a51ddd6a07aa}</UniqueIdentifier>
    </Filter>
    <Filter Include="04. Level\Stage">
      <UniqueIdentifier>{bbe7a70f-3d0f-4aa5-976d-da17153df75d}</UniqueIdentifier>
    </Filter>
    <Filter Include="05. Manager">
      <UniqueIdentifier>{40af1b4b-e561-44ab-9af3-3cb8bf825abc}</UniqueIdentifier>
    </Filter>
    <Filter Include="05. Manager\StagePackMgr">
      <UniqueIdentifier>{2e4aae8c-7cf2-4711-886d-6730a2a8966f}</UniqueIdentifier>
    </Filter>
    <Filter Include="05. Manager\RandomMgr">
      <UniqueIdentifier>{f9d7041e-bc0a-449f-9fcc-edb5ecaab36b}</UniqueIdentifier>
    </Filter>
    <Filter Include="06. FieldObject">
      <UniqueIdentifier>{89d92c5c-a42c-45e9-a9a6-39dba9278c57}</UniqueIdentifier>
    </Filter>
    <Filter Include="02. Scripts\default">
      <UniqueIdentifier>{3ad0de6d-e577-44b2-bb6b-1a3038b3f109}</UniqueIdentifier>
    </Filter>
    <Filter Include="02. Scripts\Tile">
      <UniqueIdentifier>{218c9569-5d07-48d5-bd05-521042ec74e1}</UniqueIdentifier>
    </Filter>
    <Filter Include="03. Tile\TileChunk">
      <UniqueIdentifier>{730872a2-5c95-432a-a64c-26e2ab74983c}</UniqueIdentifier>
    </Filter>
    <Filter Include="02. Scripts\Camera">
      <UniqueIdentifier>{e0a622e9-1f8e-474d-b595-2e0aa49ca460}</UniqueIdentifier>
    </Filter>
    <Filter Include="02. Scripts\Tile\Boundary">
      <UniqueIdentifier>{3e904ac0-05ae-46e2-84a6-dd0dae688986}</UniqueIdentifier>
    </Filter>
    <Filter Include="02. Scripts\Character">
      <UniqueIdentifier>{037aa803-d0ad-402a-940a-037d950dc050}</UniqueIdentifier>
    </Filter>
    <Filter Include="07. Character">
      <UniqueIdentifier>{a560a08d-6734-4e23-b84c-5ad08e5a7b5c}</UniqueIdentifier>
    </Filter>
    <Filter Include="08. States">
      <UniqueIdentifier>{853ddb1c-247f-4a83-80b1-4b974435b9b2}</UniqueIdentifier>
    </Filter>
    <Filter Include="01. CodeGenMgr">
      <UniqueIdentifier>{b42de7fc-e585-40cf-9c65-79e91e2b59d4}</UniqueIdentifier>
    </Filter>
    <Filter Include="08. States\Player">
      <UniqueIdentifier>{c17df28e-cd3a-4a14-91a6-ca74a97e7b62}</UniqueIdentifier>
    </Filter>
    <Filter Include="08. States\Player\Idle">
      <UniqueIdentifier>{b570fd3a-d764-40a5-9c1b-bc8df6624c69}</UniqueIdentifier>
    </Filter>
    <Filter Include="08. States\Player\Walk">
      <UniqueIdentifier>{d41939b6-6d07-4a89-8524-adc7c2a13a24}</UniqueIdentifier>
    </Filter>
  </ItemGroup>
</Project>